// !$*UTF8*$!
{
	archiveVersion = 1;
	classes = {
	};
	objectVersion = 56;
	objects = {

/* Begin PBXBuildFile section */
		A1000001 /* CountWithKidsApp.swift in Sources */ = {isa = PBXBuildFile; fileRef = B1000001 /* CountWithKidsApp.swift */; };
		A1000002 /* ContentView.swift in Sources */ = {isa = PBXBuildFile; fileRef = B1000002 /* ContentView.swift */; };
		A1000003 /* MathProblem.swift in Sources */ = {isa = PBXBuildFile; fileRef = B1000003 /* MathProblem.swift */; };
		A1000004 /* AppSettings.swift in Sources */ = {isa = PBXBuildFile; fileRef = B1000004 /* AppSettings.swift */; };
		A1000005 /* PracticeSession.swift in Sources */ = {isa = PBXBuildFile; fileRef = B1000005 /* PracticeSession.swift */; };
		A1000006 /* PracticeView.swift in Sources */ = {isa = PBXBuildFile; fileRef = B1000006 /* PracticeView.swift */; };
		A1000007 /* ProblemRowView.swift in Sources */ = {isa = PBXBuildFile; fileRef = B1000007 /* ProblemRowView.swift */; };
		A1000008 /* PracticeResultView.swift in Sources */ = {isa = PBXBuildFile; fileRef = B1000008 /* PracticeResultView.swift */; };
		A1000009 /* DashboardView.swift in Sources */ = {isa = PBXBuildFile; fileRef = B1000009 /* DashboardView.swift */; };
		A100000A /* MetricCardView.swift in Sources */ = {isa = PBXBuildFile; fileRef = B100000A /* MetricCardView.swift */; };
		A100000B /* BarChartView.swift in Sources */ = {isa = PBXBuildFile; fileRef = B100000B /* BarChartView.swift */; };
		A100000C /* SettingsView.swift in Sources */ = {isa = PBXBuildFile; fileRef = B100000C /* SettingsView.swift */; };
		A100000D /* PracticeViewModel.swift in Sources */ = {isa = PBXBuildFile; fileRef = B100000D /* PracticeViewModel.swift */; };
		A100000E /* DashboardViewModel.swift in Sources */ = {isa = PBXBuildFile; fileRef = B100000E /* DashboardViewModel.swift */; };
		A100000F /* ProblemGenerator.swift in Sources */ = {isa = PBXBuildFile; fileRef = B100000F /* ProblemGenerator.swift */; };
		A1000010 /* DashboardAggregator.swift in Sources */ = {isa = PBXBuildFile; fileRef = B1000010 /* DashboardAggregator.swift */; };
		A1000011 /* AppTheme.swift in Sources */ = {isa = PBXBuildFile; fileRef = B1000011 /* AppTheme.swift */; };
		A1000012 /* ThemeEnvironment.swift in Sources */ = {isa = PBXBuildFile; fileRef = B1000012 /* ThemeEnvironment.swift */; };
		A1000013 /* Date+Helpers.swift in Sources */ = {isa = PBXBuildFile; fileRef = B1000013 /* Date+Helpers.swift */; };
		A1000016 /* LocalizedString.swift in Sources */ = {isa = PBXBuildFile; fileRef = B1000016 /* LocalizedString.swift */; };
		A1000014 /* Assets.xcassets in Resources */ = {isa = PBXBuildFile; fileRef = B1000014 /* Assets.xcassets */; };
		A1000015 /* Localizable.xcstrings in Resources */ = {isa = PBXBuildFile; fileRef = B1000015 /* Localizable.xcstrings */; };
/* End PBXBuildFile section */

/* Begin PBXFileReference section */
		B1000001 /* CountWithKidsApp.swift */ = {isa = PBXFileReference; lastKnownFileType = sourcecode.swift; path = CountWithKidsApp.swift; sourceTree = "<group>"; };
		B1000002 /* ContentView.swift */ = {isa = PBXFileReference; lastKnownFileType = sourcecode.swift; path = ContentView.swift; sourceTree = "<group>"; };
		B1000003 /* MathProblem.swift */ = {isa = PBXFileReference; lastKnownFileType = sourcecode.swift; path = MathProblem.swift; sourceTree = "<group>"; };
		B1000004 /* AppSettings.swift */ = {isa = PBXFileReference; lastKnownFileType = sourcecode.swift; path = AppSettings.swift; sourceTree = "<group>"; };
		B1000005 /* PracticeSession.swift */ = {isa = PBXFileReference; lastKnownFileType = sourcecode.swift; path = PracticeSession.swift; sourceTree = "<group>"; };
		B1000006 /* PracticeView.swift */ = {isa = PBXFileReference; lastKnownFileType = sourcecode.swift; path = PracticeView.swift; sourceTree = "<group>"; };
		B1000007 /* ProblemRowView.swift */ = {isa = PBXFileReference; lastKnownFileType = sourcecode.swift; path = ProblemRowView.swift; sourceTree = "<group>"; };
		B1000008 /* PracticeResultView.swift */ = {isa = PBXFileReference; lastKnownFileType = sourcecode.swift; path = PracticeResultView.swift; sourceTree = "<group>"; };
		B1000009 /* DashboardView.swift */ = {isa = PBXFileReference; lastKnownFileType = sourcecode.swift; path = DashboardView.swift; sourceTree = "<group>"; };
		B100000A /* MetricCardView.swift */ = {isa = PBXFileReference; lastKnownFileType = sourcecode.swift; path = MetricCardView.swift; sourceTree = "<group>"; };
		B100000B /* BarChartView.swift */ = {isa = PBXFileReference; lastKnownFileType = sourcecode.swift; path = BarChartView.swift; sourceTree = "<group>"; };
		B100000C /* SettingsView.swift */ = {isa = PBXFileReference; lastKnownFileType = sourcecode.swift; path = SettingsView.swift; sourceTree = "<group>"; };
		B100000D /* PracticeViewModel.swift */ = {isa = PBXFileReference; lastKnownFileType = sourcecode.swift; path = PracticeViewModel.swift; sourceTree = "<group>"; };
		B100000E /* DashboardViewModel.swift */ = {isa = PBXFileReference; lastKnownFileType = sourcecode.swift; path = DashboardViewModel.swift; sourceTree = "<group>"; };
		B100000F /* ProblemGenerator.swift */ = {isa = PBXFileReference; lastKnownFileType = sourcecode.swift; path = ProblemGenerator.swift; sourceTree = "<group>"; };
		B1000010 /* DashboardAggregator.swift */ = {isa = PBXFileReference; lastKnownFileType = sourcecode.swift; path = DashboardAggregator.swift; sourceTree = "<group>"; };
		B1000011 /* AppTheme.swift */ = {isa = PBXFileReference; lastKnownFileType = sourcecode.swift; path = AppTheme.swift; sourceTree = "<group>"; };
		B1000012 /* ThemeEnvironment.swift */ = {isa = PBXFileReference; lastKnownFileType = sourcecode.swift; path = ThemeEnvironment.swift; sourceTree = "<group>"; };
		B1000013 /* Date+Helpers.swift */ = {isa = PBXFileReference; lastKnownFileType = sourcecode.swift; path = "Date+Helpers.swift"; sourceTree = "<group>"; };
		B1000016 /* LocalizedString.swift */ = {isa = PBXFileReference; lastKnownFileType = sourcecode.swift; path = LocalizedString.swift; sourceTree = "<group>"; };
		B1000014 /* Assets.xcassets */ = {isa = PBXFileReference; lastKnownFileType = folder.assetcatalog; path = Assets.xcassets; sourceTree = "<group>"; };
		B1000015 /* Localizable.xcstrings */ = {isa = PBXFileReference; lastKnownFileType = text.json.xcstrings; path = Localizable.xcstrings; sourceTree = "<group>"; };
		C1000001 /* CountWithKids.app */ = {isa = PBXFileReference; explicitFileType = wrapper.application; includeInIndex = 0; path = "CountWithKids.app"; sourceTree = BUILT_PRODUCTS_DIR; };
/* End PBXFileReference section */

/* Begin PBXFrameworksBuildPhase section */
		D1000001 /* Frameworks */ = {
			isa = PBXFrameworksBuildPhase;
			buildActionMask = 2147483647;
			files = (
			);
			runOnlyForDeploymentPostprocessing = 0;
		};
/* End PBXFrameworksBuildPhase section */

/* Begin PBXGroup section */
		E1000001 /* = Begin Main group = */ = {
			isa = PBXGroup;
			children = (
				E1000002 /* CountWithKids */,
				E1000020 /* Products */,
			);
			sourceTree = "<group>";
		};
		E1000020 /* Products */ = {
			isa = PBXGroup;
			children = (
				C1000001 /* CountWithKids.app */,
			);
			name = Products;
			sourceTree = "<group>";
		};
		E1000002 /* CountWithKids */ = {
			isa = PBXGroup;
			children = (
				E1000003 /* App */,
				E1000004 /* Models */,
				E1000005 /* Views */,
				E100000A /* ViewModels */,
				E100000B /* Services */,
				E100000C /* Theme */,
				E100000D /* Extensions */,
				E100000E /* Resources */,
				E100000F /* Localization */,
			);
			path = CountWithKids;
			sourceTree = "<group>";
		};
		E1000003 /* App */ = {
			isa = PBXGroup;
			children = (
				B1000001 /* CountWithKidsApp.swift */,
				B1000002 /* ContentView.swift */,
			);
			path = App;
			sourceTree = "<group>";
		};
		E1000004 /* Models */ = {
			isa = PBXGroup;
			children = (
				B1000003 /* MathProblem.swift */,
				B1000004 /* AppSettings.swift */,
				B1000005 /* PracticeSession.swift */,
			);
			path = Models;
			sourceTree = "<group>";
		};
		E1000005 /* Views */ = {
			isa = PBXGroup;
			children = (
				E1000006 /* Practice */,
				E1000007 /* Dashboard */,
				E1000008 /* Settings */,
			);
			path = Views;
			sourceTree = "<group>";
		};
		E1000006 /* Practice */ = {
			isa = PBXGroup;
			children = (
				B1000006 /* PracticeView.swift */,
				B1000007 /* ProblemRowView.swift */,
				B1000008 /* PracticeResultView.swift */,
			);
			path = Practice;
			sourceTree = "<group>";
		};
		E1000007 /* Dashboard */ = {
			isa = PBXGroup;
			children = (
				B1000009 /* DashboardView.swift */,
				B100000A /* MetricCardView.swift */,
				B100000B /* BarChartView.swift */,
			);
			path = Dashboard;
			sourceTree = "<group>";
		};
		E1000008 /* Settings */ = {
			isa = PBXGroup;
			children = (
				B100000C /* SettingsView.swift */,
			);
			path = Settings;
			sourceTree = "<group>";
		};
		E100000A /* ViewModels */ = {
			isa = PBXGroup;
			children = (
				B100000D /* PracticeViewModel.swift */,
				B100000E /* DashboardViewModel.swift */,
			);
			path = ViewModels;
			sourceTree = "<group>";
		};
		E100000B /* Services */ = {
			isa = PBXGroup;
			children = (
				B100000F /* ProblemGenerator.swift */,
				B1000010 /* DashboardAggregator.swift */,
			);
			path = Services;
			sourceTree = "<group>";
		};
		E100000C /* Theme */ = {
			isa = PBXGroup;
			children = (
				B1000011 /* AppTheme.swift */,
				B1000012 /* ThemeEnvironment.swift */,
			);
			path = Theme;
			sourceTree = "<group>";
		};
		E100000D /* Extensions */ = {
			isa = PBXGroup;
			children = (
				B1000013 /* Date+Helpers.swift */,
				B1000016 /* LocalizedString.swift */,
			);
			path = Extensions;
			sourceTree = "<group>";
		};
		E100000E /* Resources */ = {
			isa = PBXGroup;
			children = (
				B1000014 /* Assets.xcassets */,
			);
			path = Resources;
			sourceTree = "<group>";
		};
		E100000F /* Localization */ = {
			isa = PBXGroup;
			children = (
				B1000015 /* Localizable.xcstrings */,
			);
			path = Localization;
			sourceTree = "<group>";
		};
/* End PBXGroup section */

/* Begin PBXNativeTarget section */
		F1000001 /* CountWithKids */ = {
			isa = PBXNativeTarget;
			buildConfigurationList = F2000003 /* Build configuration list for PBXNativeTarget "CountWithKids" */;
			buildPhases = (
				F1000002 /* Sources */,
				D1000001 /* Frameworks */,
				F1000003 /* Resources */,
			);
			buildRules = (
			);
			dependencies = (
			);
			name = CountWithKids;
			productName = CountWithKids;
			productReference = C1000001 /* CountWithKids.app */;
			productType = "com.apple.product-type.application";
		};
/* End PBXNativeTarget section */

/* Begin PBXProject section */
		F1100001 /* Project object */ = {
			isa = PBXProject;
			attributes = {
				BuildIndependentTargetsInParallel = 1;
				LastSwiftUpdateCheck = 1500;
				LastUpgradeCheck = 1500;
				TargetAttributes = {
					F1000001 = {
						CreatedOnToolsVersion = 15.0;
					};
				};
			};
			buildConfigurationList = F2000001 /* Build configuration list for PBXProject "CountWithKids" */;
			compatibilityVersion = "Xcode 14.0";
			developmentRegion = en;
			hasScannedForEncodings = 0;
			knownRegions = (
				en,
				cs,
				he,
				Base,
			);
			mainGroup = E1000001;
			productRefGroup = E1000020 /* Products */;
			projectDirPath = "";
			projectRoot = "";
			targets = (
				F1000001 /* CountWithKids */,
			);
		};
/* End PBXProject section */

/* Begin PBXResourcesBuildPhase section */
		F1000003 /* Resources */ = {
			isa = PBXResourcesBuildPhase;
			buildActionMask = 2147483647;
			files = (
				A1000014 /* Assets.xcassets in Resources */,
				A1000015 /* Localizable.xcstrings in Resources */,
			);
			runOnlyForDeploymentPostprocessing = 0;
		};
/* End PBXResourcesBuildPhase section */

/* Begin PBXSourcesBuildPhase section */
		F1000002 /* Sources */ = {
			isa = PBXSourcesBuildPhase;
			buildActionMask = 2147483647;
			files = (
				A1000001 /* CountWithKidsApp.swift in Sources */,
				A1000002 /* ContentView.swift in Sources */,
				A1000003 /* MathProblem.swift in Sources */,
				A1000004 /* AppSettings.swift in Sources */,
				A1000005 /* PracticeSession.swift in Sources */,
				A1000006 /* PracticeView.swift in Sources */,
				A1000007 /* ProblemRowView.swift in Sources */,
				A1000008 /* PracticeResultView.swift in Sources */,
				A1000009 /* DashboardView.swift in Sources */,
				A100000A /* MetricCardView.swift in Sources */,
				A100000B /* BarChartView.swift in Sources */,
				A100000C /* SettingsView.swift in Sources */,
				A100000D /* PracticeViewModel.swift in Sources */,
				A100000E /* DashboardViewModel.swift in Sources */,
				A100000F /* ProblemGenerator.swift in Sources */,
				A1000010 /* DashboardAggregator.swift in Sources */,
				A1000011 /* AppTheme.swift in Sources */,
				A1000012 /* ThemeEnvironment.swift in Sources */,
				A1000013 /* Date+Helpers.swift in Sources */,
				A1000016 /* LocalizedString.swift in Sources */,
			);
			runOnlyForDeploymentPostprocessing = 0;
		};
/* End PBXSourcesBuildPhase section */

/* Begin XCBuildConfiguration section */
		F2100001 /* Debug */ = {
			isa = XCBuildConfiguration;
			buildSettings = {
				ALWAYS_SEARCH_USER_PATHS = NO;
				ASSETCATALOG_COMPILER_GENERATE_SWIFT_ASSET_SYMBOL_EXTENSIONS = YES;
				CLANG_ANALYZER_NONNULL = YES;
				CLANG_ANALYZER_NUMBER_OBJECT_CONVERSION = YES_AGGRESSIVE;
				CLANG_CXX_LANGUAGE_STANDARD = "gnu++20";
				CLANG_ENABLE_MODULES = YES;
				CLANG_ENABLE_OBJC_ARC = YES;
				CLANG_ENABLE_OBJC_WEAK = YES;
				CLANG_WARN_BLOCK_CAPTURE_AUTORELEASING = YES;
				CLANG_WARN_BOOL_CONVERSION = YES;
				CLANG_WARN_COMMA = YES;
				CLANG_WARN_CONSTANT_CONVERSION = YES;
				CLANG_WARN_DEPRECATED_OBJC_IMPLEMENTATIONS = YES;
				CLANG_WARN_DIRECT_OBJC_ISA_USAGE = YES_ERROR;
				CLANG_WARN_DOCUMENTATION_COMMENTS = YES;
				CLANG_WARN_EMPTY_BODY = YES;
				CLANG_WARN_ENUM_CONVERSION = YES;
				CLANG_WARN_INFINITE_RECURSION = YES;
				CLANG_WARN_INT_CONVERSION = YES;
				CLANG_WARN_NON_LITERAL_NULL_CONVERSION = YES;
				CLANG_WARN_OBJC_IMPLICIT_RETAIN_SELF = YES;
				CLANG_WARN_OBJC_LITERAL_CONVERSION = YES;
				CLANG_WARN_OBJC_ROOT_CLASS = YES_ERROR;
				CLANG_WARN_QUOTED_INCLUDE_IN_FRAMEWORK_HEADER = YES;
				CLANG_WARN_RANGE_LOOP_ANALYSIS = YES;
				CLANG_WARN_STRICT_PROTOTYPES = YES;
				CLANG_WARN_SUSPICIOUS_MOVE = YES;
				CLANG_WARN_UNGUARDED_AVAILABILITY = YES_AGGRESSIVE;
				CLANG_WARN_UNREACHABLE_CODE = YES;
				CLANG_WARN__DUPLICATE_METHOD_MATCH = YES;
				COPY_PHASE_STRIP = NO;
				DEBUG_INFORMATION_FORMAT = dwarf;
				ENABLE_STRICT_OBJC_MSGSEND = YES;
				ENABLE_TESTABILITY = YES;
				ENABLE_USER_SCRIPT_SANDBOXING = YES;
				GCC_C_LANGUAGE_STANDARD = gnu17;
				GCC_DYNAMIC_NO_PIC = NO;
				GCC_NO_COMMON_BLOCKS = YES;
				GCC_OPTIMIZATION_LEVEL = 0;
				GCC_PREPROCESSOR_DEFINITIONS = (
					"DEBUG=1",
					"$(inherited)",
				);
				GCC_WARN_64_TO_32_BIT_CONVERSION = YES;
				GCC_WARN_ABOUT_RETURN_TYPE = YES_ERROR;
				GCC_WARN_UNDECLARED_SELECTOR = YES;
				GCC_WARN_UNINITIALIZED_AUTOS = YES_AGGRESSIVE;
				GCC_WARN_UNUSED_FUNCTION = YES;
				GCC_WARN_UNUSED_VARIABLE = YES;
				IPHONEOS_DEPLOYMENT_TARGET = 17.0;
				LOCALIZATION_PREFERS_STRING_CATALOGS = YES;
				MTL_ENABLE_DEBUG_INFO = INCLUDE_SOURCE;
				MTL_FAST_MATH = YES;
				ONLY_ACTIVE_ARCH = YES;
				SDKROOT = iphoneos;
				SWIFT_ACTIVE_COMPILATION_CONDITIONS = "DEBUG $(inherited)";
				SWIFT_OPTIMIZATION_LEVEL = "-Onone";
				SWIFT_VERSION = 5.0;
			};
			name = Debug;
		};
		F2100002 /* Release */ = {
			isa = XCBuildConfiguration;
			buildSettings = {
				ALWAYS_SEARCH_USER_PATHS = NO;
				ASSETCATALOG_COMPILER_GENERATE_SWIFT_ASSET_SYMBOL_EXTENSIONS = YES;
				CLANG_ANALYZER_NONNULL = YES;
				CLANG_ANALYZER_NUMBER_OBJECT_CONVERSION = YES_AGGRESSIVE;
				CLANG_CXX_LANGUAGE_STANDARD = "gnu++20";
				CLANG_ENABLE_MODULES = YES;
				CLANG_ENABLE_OBJC_ARC = YES;
				CLANG_ENABLE_OBJC_WEAK = YES;
				CLANG_WARN_BLOCK_CAPTURE_AUTORELEASING = YES;
				CLANG_WARN_BOOL_CONVERSION = YES;
				CLANG_WARN_COMMA = YES;
				CLANG_WARN_CONSTANT_CONVERSION = YES;
				CLANG_WARN_DEPRECATED_OBJC_IMPLEMENTATIONS = YES;
				CLANG_WARN_DIRECT_OBJC_ISA_USAGE = YES_ERROR;
				CLANG_WARN_DOCUMENTATION_COMMENTS = YES;
				CLANG_WARN_EMPTY_BODY = YES;
				CLANG_WARN_ENUM_CONVERSION = YES;
				CLANG_WARN_INFINITE_RECURSION = YES;
				CLANG_WARN_INT_CONVERSION = YES;
				CLANG_WARN_NON_LITERAL_NULL_CONVERSION = YES;
				CLANG_WARN_OBJC_IMPLICIT_RETAIN_SELF = YES;
				CLANG_WARN_OBJC_LITERAL_CONVERSION = YES;
				CLANG_WARN_OBJC_ROOT_CLASS = YES_ERROR;
				CLANG_WARN_QUOTED_INCLUDE_IN_FRAMEWORK_HEADER = YES;
				CLANG_WARN_RANGE_LOOP_ANALYSIS = YES;
				CLANG_WARN_STRICT_PROTOTYPES = YES;
				CLANG_WARN_SUSPICIOUS_MOVE = YES;
				CLANG_WARN_UNGUARDED_AVAILABILITY = YES_AGGRESSIVE;
				CLANG_WARN_UNREACHABLE_CODE = YES;
				CLANG_WARN__DUPLICATE_METHOD_MATCH = YES;
				COPY_PHASE_STRIP = NO;
				DEBUG_INFORMATION_FORMAT = "dwarf-with-dsym";
				ENABLE_NS_ASSERTIONS = NO;
				ENABLE_STRICT_OBJC_MSGSEND = YES;
				ENABLE_USER_SCRIPT_SANDBOXING = YES;
				GCC_C_LANGUAGE_STANDARD = gnu17;
				GCC_NO_COMMON_BLOCKS = YES;
				GCC_WARN_64_TO_32_BIT_CONVERSION = YES;
				GCC_WARN_ABOUT_RETURN_TYPE = YES_ERROR;
				GCC_WARN_UNDECLARED_SELECTOR = YES;
				GCC_WARN_UNINITIALIZED_AUTOS = YES_AGGRESSIVE;
				GCC_WARN_UNUSED_FUNCTION = YES;
				GCC_WARN_UNUSED_VARIABLE = YES;
				IPHONEOS_DEPLOYMENT_TARGET = 17.0;
				LOCALIZATION_PREFERS_STRING_CATALOGS = YES;
				MTL_ENABLE_DEBUG_INFO = NO;
				MTL_FAST_MATH = YES;
				SDKROOT = iphoneos;
				SWIFT_COMPILATION_MODE = wholemodule;
				SWIFT_VERSION = 5.0;
				VALIDATE_PRODUCT = YES;
			};
			name = Release;
		};
		F2200001 /* Debug */ = {
			isa = XCBuildConfiguration;
			buildSettings = {
				ASSETCATALOG_COMPILER_APPICON_NAME = AppIcon;
				ASSETCATALOG_COMPILER_GLOBAL_ACCENT_COLOR_NAME = AccentColor;
				CODE_SIGN_STYLE = Automatic;
				CURRENT_PROJECT_VERSION = 1;
				GENERATE_INFOPLIST_FILE = YES;
				INFOPLIST_KEY_UIApplicationSceneManifest_Generation = YES;
				INFOPLIST_KEY_UIApplicationSupportsIndirectInputEvents = YES;
				INFOPLIST_KEY_UILaunchScreen_Generation = YES;
				INFOPLIST_KEY_UISupportedInterfaceOrientations = UIInterfaceOrientationPortrait;
				INFOPLIST_KEY_UISupportedInterfaceOrientations_iPad = "UIInterfaceOrientationPortrait UIInterfaceOrientationPortraitUpsideDown";
				IPHONEOS_DEPLOYMENT_TARGET = 17.0;
				LD_RUNPATH_SEARCH_PATHS = (
					"$(inherited)",
					"@executable_path/Frameworks",
				);
				MARKETING_VERSION = 1.0.0;
				PRODUCT_BUNDLE_IDENTIFIER = com.countwithkids.app;
				PRODUCT_NAME = "Count with Kids";
				SUPPORTED_PLATFORMS = "iphoneos iphonesimulator";
				SUPPORTS_MACCATALYST = NO;
				SUPPORTS_MAC_DESIGNED_FOR_IPHONE_IPAD = NO;
				SUPPORTS_XR_DESIGNED_FOR_IPHONE_IPAD = NO;
				SWIFT_EMIT_LOC_STRINGS = YES;
				SWIFT_VERSION = 5.0;
				TARGETED_DEVICE_FAMILY = 1;
			};
			name = Debug;
		};
		F2200002 /* Release */ = {
			isa = XCBuildConfiguration;
			buildSettings = {
				ASSETCATALOG_COMPILER_APPICON_NAME = AppIcon;
				ASSETCATALOG_COMPILER_GLOBAL_ACCENT_COLOR_NAME = AccentColor;
				CODE_SIGN_STYLE = Automatic;
				CURRENT_PROJECT_VERSION = 1;
				GENERATE_INFOPLIST_FILE = YES;
				INFOPLIST_KEY_UIApplicationSceneManifest_Generation = YES;
				INFOPLIST_KEY_UIApplicationSupportsIndirectInputEvents = YES;
				INFOPLIST_KEY_UILaunchScreen_Generation = YES;
				INFOPLIST_KEY_UISupportedInterfaceOrientations = UIInterfaceOrientationPortrait;
				INFOPLIST_KEY_UISupportedInterfaceOrientations_iPad = "UIInterfaceOrientationPortrait UIInterfaceOrientationPortraitUpsideDown";
				IPHONEOS_DEPLOYMENT_TARGET = 17.0;
				LD_RUNPATH_SEARCH_PATHS = (
					"$(inherited)",
					"@executable_path/Frameworks",
				);
				MARKETING_VERSION = 1.0.0;
				PRODUCT_BUNDLE_IDENTIFIER = com.countwithkids.app;
				PRODUCT_NAME = "Count with Kids";
				SUPPORTED_PLATFORMS = "iphoneos iphonesimulator";
				SUPPORTS_MACCATALYST = NO;
				SUPPORTS_MAC_DESIGNED_FOR_IPHONE_IPAD = NO;
				SUPPORTS_XR_DESIGNED_FOR_IPHONE_IPAD = NO;
				SWIFT_EMIT_LOC_STRINGS = YES;
				SWIFT_VERSION = 5.0;
				TARGETED_DEVICE_FAMILY = 1;
			};
			name = Release;
		};
/* End XCBuildConfiguration section */

/* Begin XCConfigurationList section */
		F2000001 /* Build configuration list for PBXProject "CountWithKids" */ = {
			isa = XCConfigurationList;
			buildConfigurations = (
				F2100001 /* Debug */,
				F2100002 /* Release */,
			);
			defaultConfigurationIsVisible = 0;
			defaultConfigurationName = Release;
		};
		F2000003 /* Build configuration list for PBXNativeTarget "CountWithKids" */ = {
			isa = XCConfigurationList;
			buildConfigurations = (
				F2200001 /* Debug */,
				F2200002 /* Release */,
			);
			defaultConfigurationIsVisible = 0;
			defaultConfigurationName = Release;
		};
/* End XCConfigurationList section */
	};
	rootObject = F1100001 /* Project object */;
}
